SITE
  remote: http://community.opscode.com/api/v1
  specs:
<<<<<<< HEAD
    apache2 (1.7.0)
    apt (2.4.0)
    ark (0.8.2)
    aws (0.101.4)
    build-essential (1.4.2)
    chef_handler (1.1.4)
    database (1.4.0)
=======
    apache2 (1.10.4)
      iptables (>= 0.0.0)
      logrotate (>= 0.0.0)
      pacman (>= 0.0.0)
    apt (1.10.0)
    ark (0.8.2)
    aws (2.2.0)
    build-essential (1.4.4)
    chef_handler (1.1.6)
    database (2.0.0)
>>>>>>> 9ebd572c5e56513d39a034c106d984da8cd99a07
      aws (>= 0.0.0)
      mysql (>= 1.3.0)
      postgresql (>= 1.0.0)
      xfs (>= 0.0.0)
    dmg (2.2.0)
    git (4.0.2)
      build-essential (>= 0.0.0)
      dmg (>= 0.0.0)
      runit (>= 1.0.0)
      windows (>= 0.0.0)
      yum (~> 3.0)
      yum-epel (>= 0.0.0)
    imagemagick (0.2.3)
    iptables (0.13.2)
    line (0.5.1)
    logrotate (1.5.0)
    mysql (3.0.12)
      build-essential (~> 1.4)
      openssl (~> 1.1)
    nfs (1.0.0)
      line (>= 0.0.0)
    nodejs (1.3.0)
      apt (>= 0.0.0)
      build-essential (>= 0.0.0)
      yum (>= 0.0.0)
    openssh (1.3.4)
      iptables (>= 0.0.0)
    openssl (1.1.0)
    pacman (1.1.1)
    postgresql (3.4.0)
      apt (>= 1.9.0)
      build-essential (>= 0.0.0)
      openssl (>= 0.0.0)
    redisio (1.7.1)
      ulimit (>= 0.1.2)
    runit (1.5.10)
      build-essential (>= 0.0.0)
      yum (~> 3.0)
      yum-epel (>= 0.0.0)
    subversion (1.1.2)
      apache2 (~> 1.7)
      windows (~> 1.10)
    sudo (2.6.0)
    ulimit (0.3.2)
    windows (1.31.0)
      chef_handler (>= 0.0.0)
    xfs (1.1.0)
    yum (3.2.0)
<<<<<<< HEAD
=======
    yum-epel (0.3.6)
      yum (~> 3.0)
>>>>>>> 9ebd572c5e56513d39a034c106d984da8cd99a07

GIT
  remote: https://github.com/dotless-de/chef-ruby_install.git
  ref: master
  sha: 37667eb89463e6f785b39342353b49baa7aefa88
  specs:
    ruby_install (0.1.2)
      apt (>= 0.0.0)
      ark (>= 0.0.0)
      yum (>= 0.0.0)

GIT
  remote: https://github.com/fnordfish/chef-locale.git
  ref: master
  sha: 9dc57b75982fa26b4e515eb682929c5300f200ab
  specs:
    locale (0.1.0)

GIT
  remote: https://github.com/fnordfish/chef-percona
  ref: master
  sha: 6880644ce8c0d9d0d6b4bee1aa6dcb449998df30
  specs:
    percona (0.14.5)
      apt (~> 1.9)
      mysql (~> 3.0)
      openssl (>= 0.0.0)
      yum (>= 0.0.0)

PATH
  remote: vendor/cookbooks/devbox
  specs:
    devbox (0.2.0)
      apache2 (>= 0.0.0)
      apt (>= 0.0.0)
      database (>= 0.0.0)
      git (>= 0.0.0)
      imagemagick (>= 0.0.0)
      iptables (>= 0.0.0)
      locale (>= 0.0.0)
      mysql (>= 0.0.0)
      nfs (>= 0.3.0)
      nodejs (>= 0.0.0)
      openssh (>= 0.0.0)
      percona (>= 0.0.0)
      postgresql (>= 0.0.0)
      ruby_install (>= 0.0.0)
      subversion (>= 0.0.0)
      sudo (>= 0.0.0)
      yum (>= 0.0.0)

DEPENDENCIES
  devbox (>= 0)
  locale (>= 0)
  percona (>= 0)
  redisio (>= 0)
  ruby_install (>= 0)

